// !$*UTF8*$!
{
	archiveVersion = 1;
	classes = {
	};
	objectVersion = 56;
	objects = {

/* Begin PBXBuildFile section */
		662161572AC5D05100347853 /* CalendarInterfaceApp.swift in Sources */ = {isa = PBXBuildFile; fileRef = 662161562AC5D05100347853 /* CalendarInterfaceApp.swift */; };
		662161592AC5D05100347853 /* ContentView.swift in Sources */ = {isa = PBXBuildFile; fileRef = 662161582AC5D05100347853 /* ContentView.swift */; };
		6621615B2AC5D05200347853 /* Assets.xcassets in Resources */ = {isa = PBXBuildFile; fileRef = 6621615A2AC5D05200347853 /* Assets.xcassets */; };
		6621615E2AC5D05200347853 /* Preview Assets.xcassets in Resources */ = {isa = PBXBuildFile; fileRef = 6621615D2AC5D05200347853 /* Preview Assets.xcassets */; };
		662161652AC5D06000347853 /* Event.swift in Sources */ = {isa = PBXBuildFile; fileRef = 662161642AC5D06000347853 /* Event.swift */; };
		662161672AC5D08100347853 /* CalendarViewModel.swift in Sources */ = {isa = PBXBuildFile; fileRef = 662161662AC5D08100347853 /* CalendarViewModel.swift */; };
		662161692AC5D09200347853 /* BlockCalendarView.swift in Sources */ = {isa = PBXBuildFile; fileRef = 662161682AC5D09200347853 /* BlockCalendarView.swift */; };
		6621616E2AC627D400347853 /* CustomDatePicker.swift in Sources */ = {isa = PBXBuildFile; fileRef = 6621616D2AC627D400347853 /* CustomDatePicker.swift */; };
		663210C52B360794003D7C2C /* CreateEventView.swift in Sources */ = {isa = PBXBuildFile; fileRef = 663210C42B360794003D7C2C /* CreateEventView.swift */; };
		663210C72B3CC200003D7C2C /* Color.swift in Sources */ = {isa = PBXBuildFile; fileRef = 663210C62B3CC200003D7C2C /* Color.swift */; };
		663210C92B3CC8B4003D7C2C /* EventDetailView.swift in Sources */ = {isa = PBXBuildFile; fileRef = 663210C82B3CC8B4003D7C2C /* EventDetailView.swift */; };
		663B4CE72AC8283400B25826 /* ListCalendarView.swift in Sources */ = {isa = PBXBuildFile; fileRef = 663B4CE62AC8283400B25826 /* ListCalendarView.swift */; };
		663B4CEB2AC82B2600B25826 /* RoundedCorner.swift in Sources */ = {isa = PBXBuildFile; fileRef = 663B4CEA2AC82B2600B25826 /* RoundedCorner.swift */; };
		663B4CED2AC82B5200B25826 /* Date.swift in Sources */ = {isa = PBXBuildFile; fileRef = 663B4CEC2AC82B5200B25826 /* Date.swift */; };
		66654EEF2AD3194900D4CD36 /* EventList.swift in Sources */ = {isa = PBXBuildFile; fileRef = 66654EEE2AD3194900D4CD36 /* EventList.swift */; };
		66654EF72AD31ECE00D4CD36 /* CalendarInterfaceTests.swift in Sources */ = {isa = PBXBuildFile; fileRef = 66654EF62AD31ECE00D4CD36 /* CalendarInterfaceTests.swift */; };
		66654EFE2AD31F6500D4CD36 /* DateTests.swift in Sources */ = {isa = PBXBuildFile; fileRef = 66654EFD2AD31F6500D4CD36 /* DateTests.swift */; };
		66AB48822B3EF50B00C1F48A /* GroupCalendar.swift in Sources */ = {isa = PBXBuildFile; fileRef = 66AB48812B3EF50B00C1F48A /* GroupCalendar.swift */; };
		66AB48842B3F39A200C1F48A /* AddCalendarView.swift in Sources */ = {isa = PBXBuildFile; fileRef = 66AB48832B3F39A200C1F48A /* AddCalendarView.swift */; };
		66AB48862B3F3A4700C1F48A /* HomeView.swift in Sources */ = {isa = PBXBuildFile; fileRef = 66AB48852B3F3A4700C1F48A /* HomeView.swift */; };
		66AB48882B3F3B2D00C1F48A /* GroupCalendarListingView.swift in Sources */ = {isa = PBXBuildFile; fileRef = 66AB48872B3F3B2D00C1F48A /* GroupCalendarListingView.swift */; };
/* End PBXBuildFile section */

/* Begin PBXContainerItemProxy section */
		66654EF82AD31ECE00D4CD36 /* PBXContainerItemProxy */ = {
			isa = PBXContainerItemProxy;
			containerPortal = 6621614B2AC5D05100347853 /* Project object */;
			proxyType = 1;
			remoteGlobalIDString = 662161522AC5D05100347853;
			remoteInfo = CalendarInterface;
		};
/* End PBXContainerItemProxy section */

/* Begin PBXFileReference section */
		662161532AC5D05100347853 /* CalendarInterface.app */ = {isa = PBXFileReference; explicitFileType = wrapper.application; includeInIndex = 0; path = CalendarInterface.app; sourceTree = BUILT_PRODUCTS_DIR; };
		662161562AC5D05100347853 /* CalendarInterfaceApp.swift */ = {isa = PBXFileReference; lastKnownFileType = sourcecode.swift; path = CalendarInterfaceApp.swift; sourceTree = "<group>"; };
		662161582AC5D05100347853 /* ContentView.swift */ = {isa = PBXFileReference; lastKnownFileType = sourcecode.swift; path = ContentView.swift; sourceTree = "<group>"; };
		6621615A2AC5D05200347853 /* Assets.xcassets */ = {isa = PBXFileReference; lastKnownFileType = folder.assetcatalog; path = Assets.xcassets; sourceTree = "<group>"; };
		6621615D2AC5D05200347853 /* Preview Assets.xcassets */ = {isa = PBXFileReference; lastKnownFileType = folder.assetcatalog; path = "Preview Assets.xcassets"; sourceTree = "<group>"; };
		662161642AC5D06000347853 /* Event.swift */ = {isa = PBXFileReference; lastKnownFileType = sourcecode.swift; path = Event.swift; sourceTree = "<group>"; };
		662161662AC5D08100347853 /* CalendarViewModel.swift */ = {isa = PBXFileReference; lastKnownFileType = sourcecode.swift; path = CalendarViewModel.swift; sourceTree = "<group>"; };
		662161682AC5D09200347853 /* BlockCalendarView.swift */ = {isa = PBXFileReference; lastKnownFileType = sourcecode.swift; path = BlockCalendarView.swift; sourceTree = "<group>"; };
		6621616D2AC627D400347853 /* CustomDatePicker.swift */ = {isa = PBXFileReference; lastKnownFileType = sourcecode.swift; path = CustomDatePicker.swift; sourceTree = "<group>"; };
		663210C42B360794003D7C2C /* CreateEventView.swift */ = {isa = PBXFileReference; lastKnownFileType = sourcecode.swift; path = CreateEventView.swift; sourceTree = "<group>"; };
		663210C62B3CC200003D7C2C /* Color.swift */ = {isa = PBXFileReference; lastKnownFileType = sourcecode.swift; path = Color.swift; sourceTree = "<group>"; };
		663210C82B3CC8B4003D7C2C /* EventDetailView.swift */ = {isa = PBXFileReference; lastKnownFileType = sourcecode.swift; path = EventDetailView.swift; sourceTree = "<group>"; };
		663B4CE62AC8283400B25826 /* ListCalendarView.swift */ = {isa = PBXFileReference; lastKnownFileType = sourcecode.swift; path = ListCalendarView.swift; sourceTree = "<group>"; };
		663B4CEA2AC82B2600B25826 /* RoundedCorner.swift */ = {isa = PBXFileReference; lastKnownFileType = sourcecode.swift; path = RoundedCorner.swift; sourceTree = "<group>"; };
		663B4CEC2AC82B5200B25826 /* Date.swift */ = {isa = PBXFileReference; lastKnownFileType = sourcecode.swift; path = Date.swift; sourceTree = "<group>"; };
		66654EEE2AD3194900D4CD36 /* EventList.swift */ = {isa = PBXFileReference; lastKnownFileType = sourcecode.swift; path = EventList.swift; sourceTree = "<group>"; };
		66654EF42AD31ECE00D4CD36 /* CalendarInterfaceTests.xctest */ = {isa = PBXFileReference; explicitFileType = wrapper.cfbundle; includeInIndex = 0; path = CalendarInterfaceTests.xctest; sourceTree = BUILT_PRODUCTS_DIR; };
		66654EF62AD31ECE00D4CD36 /* CalendarInterfaceTests.swift */ = {isa = PBXFileReference; lastKnownFileType = sourcecode.swift; path = CalendarInterfaceTests.swift; sourceTree = "<group>"; };
		66654EFD2AD31F6500D4CD36 /* DateTests.swift */ = {isa = PBXFileReference; lastKnownFileType = sourcecode.swift; path = DateTests.swift; sourceTree = "<group>"; };
		66AB48802B3E912900C1F48A /* Info.plist */ = {isa = PBXFileReference; lastKnownFileType = text.plist; path = Info.plist; sourceTree = "<group>"; };
		66AB48812B3EF50B00C1F48A /* GroupCalendar.swift */ = {isa = PBXFileReference; lastKnownFileType = sourcecode.swift; path = GroupCalendar.swift; sourceTree = "<group>"; };
		66AB48832B3F39A200C1F48A /* AddCalendarView.swift */ = {isa = PBXFileReference; lastKnownFileType = sourcecode.swift; path = AddCalendarView.swift; sourceTree = "<group>"; };
		66AB48852B3F3A4700C1F48A /* HomeView.swift */ = {isa = PBXFileReference; lastKnownFileType = sourcecode.swift; path = HomeView.swift; sourceTree = "<group>"; };
		66AB48872B3F3B2D00C1F48A /* GroupCalendarListingView.swift */ = {isa = PBXFileReference; lastKnownFileType = sourcecode.swift; path = GroupCalendarListingView.swift; sourceTree = "<group>"; };
/* End PBXFileReference section */

/* Begin PBXFrameworksBuildPhase section */
		662161502AC5D05100347853 /* Frameworks */ = {
			isa = PBXFrameworksBuildPhase;
			buildActionMask = 2147483647;
			files = (
			);
			runOnlyForDeploymentPostprocessing = 0;
		};
		66654EF12AD31ECE00D4CD36 /* Frameworks */ = {
			isa = PBXFrameworksBuildPhase;
			buildActionMask = 2147483647;
			files = (
			);
			runOnlyForDeploymentPostprocessing = 0;
		};
/* End PBXFrameworksBuildPhase section */

/* Begin PBXGroup section */
		6621614A2AC5D05100347853 = {
			isa = PBXGroup;
			children = (
				662161552AC5D05100347853 /* CalendarInterface */,
				66654EF52AD31ECE00D4CD36 /* CalendarInterfaceTests */,
				662161542AC5D05100347853 /* Products */,
			);
			sourceTree = "<group>";
		};
		662161542AC5D05100347853 /* Products */ = {
			isa = PBXGroup;
			children = (
				662161532AC5D05100347853 /* CalendarInterface.app */,
				66654EF42AD31ECE00D4CD36 /* CalendarInterfaceTests.xctest */,
			);
			name = Products;
			sourceTree = "<group>";
		};
		662161552AC5D05100347853 /* CalendarInterface */ = {
			isa = PBXGroup;
			children = (
				66AB48802B3E912900C1F48A /* Info.plist */,
				662161562AC5D05100347853 /* CalendarInterfaceApp.swift */,
				6621616A2AC5D0FA00347853 /* Views */,
				6621616B2AC5D0FF00347853 /* ViewModels */,
				6621616C2AC5D10300347853 /* Models */,
				6621615C2AC5D05200347853 /* Preview Content */,
				6621615A2AC5D05200347853 /* Assets.xcassets */,
			);
			path = CalendarInterface;
			sourceTree = "<group>";
		};
		6621615C2AC5D05200347853 /* Preview Content */ = {
			isa = PBXGroup;
			children = (
				6621615D2AC5D05200347853 /* Preview Assets.xcassets */,
			);
			path = "Preview Content";
			sourceTree = "<group>";
		};
		6621616A2AC5D0FA00347853 /* Views */ = {
			isa = PBXGroup;
			children = (
				66AB488A2B3F451800C1F48A /* ManageCalendars */,
				66AB48892B3F44F200C1F48A /* Calendar */,
				663B4CE92AC82AF800B25826 /* Extensions */,
				662161582AC5D05100347853 /* ContentView.swift */,
				66AB48852B3F3A4700C1F48A /* HomeView.swift */,
			);
			path = Views;
			sourceTree = "<group>";
		};
		6621616B2AC5D0FF00347853 /* ViewModels */ = {
			isa = PBXGroup;
			children = (
				662161662AC5D08100347853 /* CalendarViewModel.swift */,
			);
			path = ViewModels;
			sourceTree = "<group>";
		};
		6621616C2AC5D10300347853 /* Models */ = {
			isa = PBXGroup;
			children = (
				662161642AC5D06000347853 /* Event.swift */,
				66AB48812B3EF50B00C1F48A /* GroupCalendar.swift */,
			);
			path = Models;
			sourceTree = "<group>";
		};
		663B4CE82AC828E700B25826 /* ViewComponents */ = {
			isa = PBXGroup;
			children = (
				6621616D2AC627D400347853 /* CustomDatePicker.swift */,
				66654EEE2AD3194900D4CD36 /* EventList.swift */,
			);
			path = ViewComponents;
			sourceTree = "<group>";
		};
		663B4CE92AC82AF800B25826 /* Extensions */ = {
			isa = PBXGroup;
			children = (
				663B4CEA2AC82B2600B25826 /* RoundedCorner.swift */,
				663B4CEC2AC82B5200B25826 /* Date.swift */,
				663210C62B3CC200003D7C2C /* Color.swift */,
			);
			path = Extensions;
			sourceTree = "<group>";
		};
		66654EF52AD31ECE00D4CD36 /* CalendarInterfaceTests */ = {
			isa = PBXGroup;
			children = (
				66654EF62AD31ECE00D4CD36 /* CalendarInterfaceTests.swift */,
				66654EFD2AD31F6500D4CD36 /* DateTests.swift */,
			);
			path = CalendarInterfaceTests;
			sourceTree = "<group>";
		};
		66AB48892B3F44F200C1F48A /* Calendar */ = {
			isa = PBXGroup;
			children = (
				663B4CE82AC828E700B25826 /* ViewComponents */,
				663B4CE62AC8283400B25826 /* ListCalendarView.swift */,
				663210C42B360794003D7C2C /* CreateEventView.swift */,
				662161682AC5D09200347853 /* BlockCalendarView.swift */,
				663210C82B3CC8B4003D7C2C /* EventDetailView.swift */,
			);
			path = Calendar;
			sourceTree = "<group>";
		};
		66AB488A2B3F451800C1F48A /* ManageCalendars */ = {
			isa = PBXGroup;
			children = (
				66AB48832B3F39A200C1F48A /* AddCalendarView.swift */,
				66AB48872B3F3B2D00C1F48A /* GroupCalendarListingView.swift */,
			);
			path = ManageCalendars;
			sourceTree = "<group>";
		};
/* End PBXGroup section */

/* Begin PBXNativeTarget section */
		662161522AC5D05100347853 /* CalendarInterface */ = {
			isa = PBXNativeTarget;
			buildConfigurationList = 662161612AC5D05200347853 /* Build configuration list for PBXNativeTarget "CalendarInterface" */;
			buildPhases = (
				6621614F2AC5D05100347853 /* Sources */,
				662161502AC5D05100347853 /* Frameworks */,
				662161512AC5D05100347853 /* Resources */,
			);
			buildRules = (
			);
			dependencies = (
			);
			name = CalendarInterface;
			productName = CalendarInterface;
			productReference = 662161532AC5D05100347853 /* CalendarInterface.app */;
			productType = "com.apple.product-type.application";
		};
		66654EF32AD31ECE00D4CD36 /* CalendarInterfaceTests */ = {
			isa = PBXNativeTarget;
			buildConfigurationList = 66654EFA2AD31ECE00D4CD36 /* Build configuration list for PBXNativeTarget "CalendarInterfaceTests" */;
			buildPhases = (
				66654EF02AD31ECE00D4CD36 /* Sources */,
				66654EF12AD31ECE00D4CD36 /* Frameworks */,
				66654EF22AD31ECE00D4CD36 /* Resources */,
			);
			buildRules = (
			);
			dependencies = (
				66654EF92AD31ECE00D4CD36 /* PBXTargetDependency */,
			);
			name = CalendarInterfaceTests;
			productName = CalendarInterfaceTests;
			productReference = 66654EF42AD31ECE00D4CD36 /* CalendarInterfaceTests.xctest */;
			productType = "com.apple.product-type.bundle.unit-test";
		};
/* End PBXNativeTarget section */

/* Begin PBXProject section */
		6621614B2AC5D05100347853 /* Project object */ = {
			isa = PBXProject;
			attributes = {
				BuildIndependentTargetsInParallel = 1;
				LastSwiftUpdateCheck = 1420;
				LastUpgradeCheck = 1510;
				TargetAttributes = {
					662161522AC5D05100347853 = {
						CreatedOnToolsVersion = 14.2;
					};
					66654EF32AD31ECE00D4CD36 = {
						CreatedOnToolsVersion = 14.2;
						TestTargetID = 662161522AC5D05100347853;
					};
				};
			};
			buildConfigurationList = 6621614E2AC5D05100347853 /* Build configuration list for PBXProject "CalendarInterface" */;
			compatibilityVersion = "Xcode 14.0";
			developmentRegion = en;
			hasScannedForEncodings = 0;
			knownRegions = (
				en,
				Base,
			);
			mainGroup = 6621614A2AC5D05100347853;
			productRefGroup = 662161542AC5D05100347853 /* Products */;
			projectDirPath = "";
			projectRoot = "";
			targets = (
				662161522AC5D05100347853 /* CalendarInterface */,
				66654EF32AD31ECE00D4CD36 /* CalendarInterfaceTests */,
			);
		};
/* End PBXProject section */

/* Begin PBXResourcesBuildPhase section */
		662161512AC5D05100347853 /* Resources */ = {
			isa = PBXResourcesBuildPhase;
			buildActionMask = 2147483647;
			files = (
				6621615E2AC5D05200347853 /* Preview Assets.xcassets in Resources */,
				6621615B2AC5D05200347853 /* Assets.xcassets in Resources */,
			);
			runOnlyForDeploymentPostprocessing = 0;
		};
		66654EF22AD31ECE00D4CD36 /* Resources */ = {
			isa = PBXResourcesBuildPhase;
			buildActionMask = 2147483647;
			files = (
			);
			runOnlyForDeploymentPostprocessing = 0;
		};
/* End PBXResourcesBuildPhase section */

/* Begin PBXSourcesBuildPhase section */
		6621614F2AC5D05100347853 /* Sources */ = {
			isa = PBXSourcesBuildPhase;
			buildActionMask = 2147483647;
			files = (
				663B4CEB2AC82B2600B25826 /* RoundedCorner.swift in Sources */,
				663210C92B3CC8B4003D7C2C /* EventDetailView.swift in Sources */,
				6621616E2AC627D400347853 /* CustomDatePicker.swift in Sources */,
				662161692AC5D09200347853 /* BlockCalendarView.swift in Sources */,
				663210C52B360794003D7C2C /* CreateEventView.swift in Sources */,
				662161672AC5D08100347853 /* CalendarViewModel.swift in Sources */,
				663210C72B3CC200003D7C2C /* Color.swift in Sources */,
				662161592AC5D05100347853 /* ContentView.swift in Sources */,
				663B4CED2AC82B5200B25826 /* Date.swift in Sources */,
				66AB48882B3F3B2D00C1F48A /* GroupCalendarListingView.swift in Sources */,
				66AB48842B3F39A200C1F48A /* AddCalendarView.swift in Sources */,
				662161652AC5D06000347853 /* Event.swift in Sources */,
				662161572AC5D05100347853 /* CalendarInterfaceApp.swift in Sources */,
				66654EEF2AD3194900D4CD36 /* EventList.swift in Sources */,
				66AB48862B3F3A4700C1F48A /* HomeView.swift in Sources */,
				663B4CE72AC8283400B25826 /* ListCalendarView.swift in Sources */,
				66AB48822B3EF50B00C1F48A /* GroupCalendar.swift in Sources */,
			);
			runOnlyForDeploymentPostprocessing = 0;
		};
		66654EF02AD31ECE00D4CD36 /* Sources */ = {
			isa = PBXSourcesBuildPhase;
			buildActionMask = 2147483647;
			files = (
				66654EF72AD31ECE00D4CD36 /* CalendarInterfaceTests.swift in Sources */,
				66654EFE2AD31F6500D4CD36 /* DateTests.swift in Sources */,
			);
			runOnlyForDeploymentPostprocessing = 0;
		};
/* End PBXSourcesBuildPhase section */

/* Begin PBXTargetDependency section */
		66654EF92AD31ECE00D4CD36 /* PBXTargetDependency */ = {
			isa = PBXTargetDependency;
			target = 662161522AC5D05100347853 /* CalendarInterface */;
			targetProxy = 66654EF82AD31ECE00D4CD36 /* PBXContainerItemProxy */;
		};
/* End PBXTargetDependency section */

/* Begin XCBuildConfiguration section */
		6621615F2AC5D05200347853 /* Debug */ = {
			isa = XCBuildConfiguration;
			buildSettings = {
				ALWAYS_SEARCH_USER_PATHS = NO;
				CLANG_ANALYZER_NONNULL = YES;
				CLANG_ANALYZER_NUMBER_OBJECT_CONVERSION = YES_AGGRESSIVE;
				CLANG_CXX_LANGUAGE_STANDARD = "gnu++20";
				CLANG_ENABLE_MODULES = YES;
				CLANG_ENABLE_OBJC_ARC = YES;
				CLANG_ENABLE_OBJC_WEAK = YES;
				CLANG_WARN_BLOCK_CAPTURE_AUTORELEASING = YES;
				CLANG_WARN_BOOL_CONVERSION = YES;
				CLANG_WARN_COMMA = YES;
				CLANG_WARN_CONSTANT_CONVERSION = YES;
				CLANG_WARN_DEPRECATED_OBJC_IMPLEMENTATIONS = YES;
				CLANG_WARN_DIRECT_OBJC_ISA_USAGE = YES_ERROR;
				CLANG_WARN_DOCUMENTATION_COMMENTS = YES;
				CLANG_WARN_EMPTY_BODY = YES;
				CLANG_WARN_ENUM_CONVERSION = YES;
				CLANG_WARN_INFINITE_RECURSION = YES;
				CLANG_WARN_INT_CONVERSION = YES;
				CLANG_WARN_NON_LITERAL_NULL_CONVERSION = YES;
				CLANG_WARN_OBJC_IMPLICIT_RETAIN_SELF = YES;
				CLANG_WARN_OBJC_LITERAL_CONVERSION = YES;
				CLANG_WARN_OBJC_ROOT_CLASS = YES_ERROR;
				CLANG_WARN_QUOTED_INCLUDE_IN_FRAMEWORK_HEADER = YES;
				CLANG_WARN_RANGE_LOOP_ANALYSIS = YES;
				CLANG_WARN_STRICT_PROTOTYPES = YES;
				CLANG_WARN_SUSPICIOUS_MOVE = YES;
				CLANG_WARN_UNGUARDED_AVAILABILITY = YES_AGGRESSIVE;
				CLANG_WARN_UNREACHABLE_CODE = YES;
				CLANG_WARN__DUPLICATE_METHOD_MATCH = YES;
				COPY_PHASE_STRIP = NO;
				DEBUG_INFORMATION_FORMAT = dwarf;
				ENABLE_STRICT_OBJC_MSGSEND = YES;
				ENABLE_TESTABILITY = YES;
				ENABLE_USER_SCRIPT_SANDBOXING = YES;
				GCC_C_LANGUAGE_STANDARD = gnu11;
				GCC_DYNAMIC_NO_PIC = NO;
				GCC_NO_COMMON_BLOCKS = YES;
				GCC_OPTIMIZATION_LEVEL = 0;
				GCC_PREPROCESSOR_DEFINITIONS = (
					"DEBUG=1",
					"$(inherited)",
				);
				GCC_WARN_64_TO_32_BIT_CONVERSION = YES;
				GCC_WARN_ABOUT_RETURN_TYPE = YES_ERROR;
				GCC_WARN_UNDECLARED_SELECTOR = YES;
				GCC_WARN_UNINITIALIZED_AUTOS = YES_AGGRESSIVE;
				GCC_WARN_UNUSED_FUNCTION = YES;
				GCC_WARN_UNUSED_VARIABLE = YES;
				IPHONEOS_DEPLOYMENT_TARGET = 16.2;
				MTL_ENABLE_DEBUG_INFO = INCLUDE_SOURCE;
				MTL_FAST_MATH = YES;
				ONLY_ACTIVE_ARCH = YES;
				SDKROOT = iphoneos;
				SWIFT_ACTIVE_COMPILATION_CONDITIONS = DEBUG;
				SWIFT_OPTIMIZATION_LEVEL = "-Onone";
			};
			name = Debug;
		};
		662161602AC5D05200347853 /* Release */ = {
			isa = XCBuildConfiguration;
			buildSettings = {
				ALWAYS_SEARCH_USER_PATHS = NO;
				CLANG_ANALYZER_NONNULL = YES;
				CLANG_ANALYZER_NUMBER_OBJECT_CONVERSION = YES_AGGRESSIVE;
				CLANG_CXX_LANGUAGE_STANDARD = "gnu++20";
				CLANG_ENABLE_MODULES = YES;
				CLANG_ENABLE_OBJC_ARC = YES;
				CLANG_ENABLE_OBJC_WEAK = YES;
				CLANG_WARN_BLOCK_CAPTURE_AUTORELEASING = YES;
				CLANG_WARN_BOOL_CONVERSION = YES;
				CLANG_WARN_COMMA = YES;
				CLANG_WARN_CONSTANT_CONVERSION = YES;
				CLANG_WARN_DEPRECATED_OBJC_IMPLEMENTATIONS = YES;
				CLANG_WARN_DIRECT_OBJC_ISA_USAGE = YES_ERROR;
				CLANG_WARN_DOCUMENTATION_COMMENTS = YES;
				CLANG_WARN_EMPTY_BODY = YES;
				CLANG_WARN_ENUM_CONVERSION = YES;
				CLANG_WARN_INFINITE_RECURSION = YES;
				CLANG_WARN_INT_CONVERSION = YES;
				CLANG_WARN_NON_LITERAL_NULL_CONVERSION = YES;
				CLANG_WARN_OBJC_IMPLICIT_RETAIN_SELF = YES;
				CLANG_WARN_OBJC_LITERAL_CONVERSION = YES;
				CLANG_WARN_OBJC_ROOT_CLASS = YES_ERROR;
				CLANG_WARN_QUOTED_INCLUDE_IN_FRAMEWORK_HEADER = YES;
				CLANG_WARN_RANGE_LOOP_ANALYSIS = YES;
				CLANG_WARN_STRICT_PROTOTYPES = YES;
				CLANG_WARN_SUSPICIOUS_MOVE = YES;
				CLANG_WARN_UNGUARDED_AVAILABILITY = YES_AGGRESSIVE;
				CLANG_WARN_UNREACHABLE_CODE = YES;
				CLANG_WARN__DUPLICATE_METHOD_MATCH = YES;
				COPY_PHASE_STRIP = NO;
				DEBUG_INFORMATION_FORMAT = "dwarf-with-dsym";
				ENABLE_NS_ASSERTIONS = NO;
				ENABLE_STRICT_OBJC_MSGSEND = YES;
				ENABLE_USER_SCRIPT_SANDBOXING = YES;
				GCC_C_LANGUAGE_STANDARD = gnu11;
				GCC_NO_COMMON_BLOCKS = YES;
				GCC_WARN_64_TO_32_BIT_CONVERSION = YES;
				GCC_WARN_ABOUT_RETURN_TYPE = YES_ERROR;
				GCC_WARN_UNDECLARED_SELECTOR = YES;
				GCC_WARN_UNINITIALIZED_AUTOS = YES_AGGRESSIVE;
				GCC_WARN_UNUSED_FUNCTION = YES;
				GCC_WARN_UNUSED_VARIABLE = YES;
				IPHONEOS_DEPLOYMENT_TARGET = 16.2;
				MTL_ENABLE_DEBUG_INFO = NO;
				MTL_FAST_MATH = YES;
				SDKROOT = iphoneos;
				SWIFT_COMPILATION_MODE = wholemodule;
				SWIFT_OPTIMIZATION_LEVEL = "-O";
				VALIDATE_PRODUCT = YES;
			};
			name = Release;
		};
		662161622AC5D05200347853 /* Debug */ = {
			isa = XCBuildConfiguration;
			buildSettings = {
				ASSETCATALOG_COMPILER_APPICON_NAME = AppIcon;
				ASSETCATALOG_COMPILER_GLOBAL_ACCENT_COLOR_NAME = AccentColor;
				CODE_SIGN_STYLE = Automatic;
				CURRENT_PROJECT_VERSION = 1;
				DEVELOPMENT_ASSET_PATHS = "\"CalendarInterface/Preview Content\"";
				DEVELOPMENT_TEAM = KD9MSMUJLJ;
				ENABLE_PREVIEWS = YES;
				GENERATE_INFOPLIST_FILE = YES;
				INFOPLIST_FILE = CalendarInterface/Info.plist;
				INFOPLIST_KEY_UIApplicationSceneManifest_Generation = YES;
				INFOPLIST_KEY_UIApplicationSupportsIndirectInputEvents = YES;
				INFOPLIST_KEY_UILaunchScreen_Generation = YES;
				INFOPLIST_KEY_UISupportedInterfaceOrientations_iPad = "UIInterfaceOrientationPortrait UIInterfaceOrientationPortraitUpsideDown UIInterfaceOrientationLandscapeLeft UIInterfaceOrientationLandscapeRight";
				INFOPLIST_KEY_UISupportedInterfaceOrientations_iPhone = "UIInterfaceOrientationPortrait UIInterfaceOrientationLandscapeLeft UIInterfaceOrientationLandscapeRight";
				INFOPLIST_KEY_UIUserInterfaceStyle = Light;
				LD_RUNPATH_SEARCH_PATHS = (
					"$(inherited)",
					"@executable_path/Frameworks",
				);
				MARKETING_VERSION = 1.0;
				PRODUCT_BUNDLE_IDENTIFIER = com.matthewsmith.CalendarInterface;
				PRODUCT_NAME = "$(TARGET_NAME)";
				SWIFT_EMIT_LOC_STRINGS = YES;
				SWIFT_VERSION = 5.0;
				TARGETED_DEVICE_FAMILY = "1,2";
			};
			name = Debug;
		};
		662161632AC5D05200347853 /* Release */ = {
			isa = XCBuildConfiguration;
			buildSettings = {
				ASSETCATALOG_COMPILER_APPICON_NAME = AppIcon;
				ASSETCATALOG_COMPILER_GLOBAL_ACCENT_COLOR_NAME = AccentColor;
				CODE_SIGN_STYLE = Automatic;
				CURRENT_PROJECT_VERSION = 1;
				DEVELOPMENT_ASSET_PATHS = "\"CalendarInterface/Preview Content\"";
				DEVELOPMENT_TEAM = KD9MSMUJLJ;
				ENABLE_PREVIEWS = YES;
				GENERATE_INFOPLIST_FILE = YES;
				INFOPLIST_FILE = CalendarInterface/Info.plist;
				INFOPLIST_KEY_UIApplicationSceneManifest_Generation = YES;
				INFOPLIST_KEY_UIApplicationSupportsIndirectInputEvents = YES;
				INFOPLIST_KEY_UILaunchScreen_Generation = YES;
				INFOPLIST_KEY_UISupportedInterfaceOrientations_iPad = "UIInterfaceOrientationPortrait UIInterfaceOrientationPortraitUpsideDown UIInterfaceOrientationLandscapeLeft UIInterfaceOrientationLandscapeRight";
				INFOPLIST_KEY_UISupportedInterfaceOrientations_iPhone = "UIInterfaceOrientationPortrait UIInterfaceOrientationLandscapeLeft UIInterfaceOrientationLandscapeRight";
				INFOPLIST_KEY_UIUserInterfaceStyle = Light;
				LD_RUNPATH_SEARCH_PATHS = (
					"$(inherited)",
					"@executable_path/Frameworks",
				);
				MARKETING_VERSION = 1.0;
				PRODUCT_BUNDLE_IDENTIFIER = com.matthewsmith.CalendarInterface;
				PRODUCT_NAME = "$(TARGET_NAME)";
				SWIFT_EMIT_LOC_STRINGS = YES;
				SWIFT_VERSION = 5.0;
				TARGETED_DEVICE_FAMILY = "1,2";
			};
			name = Release;
		};
		66654EFB2AD31ECE00D4CD36 /* Debug */ = {
			isa = XCBuildConfiguration;
			buildSettings = {
				BUNDLE_LOADER = "$(TEST_HOST)";
				CODE_SIGN_STYLE = Automatic;
				CURRENT_PROJECT_VERSION = 1;
				DEVELOPMENT_TEAM = KD9MSMUJLJ;
				GENERATE_INFOPLIST_FILE = YES;
				MARKETING_VERSION = 1.0;
				PRODUCT_BUNDLE_IDENTIFIER = com.matthewsmith.CalendarInterfaceTests;
				PRODUCT_NAME = "$(TARGET_NAME)";
				SWIFT_EMIT_LOC_STRINGS = NO;
				SWIFT_VERSION = 5.0;
				TARGETED_DEVICE_FAMILY = "1,2";
				TEST_HOST = "$(BUILT_PRODUCTS_DIR)/CalendarInterface.app/$(BUNDLE_EXECUTABLE_FOLDER_PATH)/CalendarInterface";
			};
			name = Debug;
		};
		66654EFC2AD31ECE00D4CD36 /* Release */ = {
			isa = XCBuildConfiguration;
			buildSettings = {
				BUNDLE_LOADER = "$(TEST_HOST)";
				CODE_SIGN_STYLE = Automatic;
				CURRENT_PROJECT_VERSION = 1;
				DEVELOPMENT_TEAM = KD9MSMUJLJ;
				GENERATE_INFOPLIST_FILE = YES;
				MARKETING_VERSION = 1.0;
				PRODUCT_BUNDLE_IDENTIFIER = com.matthewsmith.CalendarInterfaceTests;
				PRODUCT_NAME = "$(TARGET_NAME)";
				SWIFT_EMIT_LOC_STRINGS = NO;
				SWIFT_VERSION = 5.0;
				TARGETED_DEVICE_FAMILY = "1,2";
				TEST_HOST = "$(BUILT_PRODUCTS_DIR)/CalendarInterface.app/$(BUNDLE_EXECUTABLE_FOLDER_PATH)/CalendarInterface";
			};
			name = Release;
		};
/* End XCBuildConfiguration section */

/* Begin XCConfigurationList section */
		6621614E2AC5D05100347853 /* Build configuration list for PBXProject "CalendarInterface" */ = {
			isa = XCConfigurationList;
			buildConfigurations = (
				6621615F2AC5D05200347853 /* Debug */,
				662161602AC5D05200347853 /* Release */,
			);
			defaultConfigurationIsVisible = 0;
			defaultConfigurationName = Release;
		};
		662161612AC5D05200347853 /* Build configuration list for PBXNativeTarget "CalendarInterface" */ = {
			isa = XCConfigurationList;
			buildConfigurations = (
				662161622AC5D05200347853 /* Debug */,
				662161632AC5D05200347853 /* Release */,
			);
			defaultConfigurationIsVisible = 0;
			defaultConfigurationName = Release;
		};
		66654EFA2AD31ECE00D4CD36 /* Build configuration list for PBXNativeTarget "CalendarInterfaceTests" */ = {
			isa = XCConfigurationList;
			buildConfigurations = (
				66654EFB2AD31ECE00D4CD36 /* Debug */,
				66654EFC2AD31ECE00D4CD36 /* Release */,
			);
			defaultConfigurationIsVisible = 0;
			defaultConfigurationName = Release;
		};
/* End XCConfigurationList section */
	};
	rootObject = 6621614B2AC5D05100347853 /* Project object */;
}
